{
  "name": "my-app",
  "version": "0.1.0",
  "lockfileVersion": 3,
  "requires": true,
  "packages": {
    "": {
      "name": "my-app",
      "version": "0.1.0",
      "dependencies": {
        "@syncfusion/ej2-react-pdfviewer": "*",
        "@types/node": "18.11.12",
        "@types/react": "18.0.26",
        "@types/react-dom": "18.0.9",
        "next": "14.0.0",
        "react": "18.2.0",
        "react-dom": "18.2.0",
        "typescript": "4.9.4"
      }
    },
    "node_modules/@next/env": {
      "version": "14.0.0",
      "resolved": "https://registry.npmjs.org/@next/env/-/env-14.0.0.tgz",
      "integrity": "sha512-cIKhxkfVELB6hFjYsbtEeTus2mwrTC+JissfZYM0n+8Fv+g8ucUfOlm3VEDtwtwydZ0Nuauv3bl0qF82nnCAqA==",
      "license": "MIT"
    },
    "node_modules/@next/swc-darwin-arm64": {
      "version": "14.0.0",
      "resolved": "https://registry.npmjs.org/@next/swc-darwin-arm64/-/swc-darwin-arm64-14.0.0.tgz",
      "integrity": "sha512-HQKi159jCz4SRsPesVCiNN6tPSAFUkOuSkpJsqYTIlbHLKr1mD6be/J0TvWV6fwJekj81bZV9V/Tgx3C2HO9lA==",
      "cpu": [
        "arm64"
      ],
      "license": "MIT",
      "optional": true,
      "os": [
        "darwin"
      ],
      "engines": {
        "node": ">= 10"
      }
    },
    "node_modules/@next/swc-darwin-x64": {
      "version": "14.0.0",
      "resolved": "https://registry.npmjs.org/@next/swc-darwin-x64/-/swc-darwin-x64-14.0.0.tgz",
      "integrity": "sha512-4YyQLMSaCgX/kgC1jjF3s3xSoBnwHuDhnF6WA1DWNEYRsbOOPWjcYhv8TKhRe2ApdOam+VfQSffC4ZD+X4u1Cg==",
      "cpu": [
        "x64"
      ],
      "license": "MIT",
      "optional": true,
      "os": [
        "darwin"
      ],
      "engines": {
        "node": ">= 10"
      }
    },
    "node_modules/@next/swc-linux-arm64-gnu": {
      "version": "14.0.0",
      "resolved": "https://registry.npmjs.org/@next/swc-linux-arm64-gnu/-/swc-linux-arm64-gnu-14.0.0.tgz",
      "integrity": "sha512-io7fMkJ28Glj7SH8yvnlD6naIhRDnDxeE55CmpQkj3+uaA2Hko6WGY2pT5SzpQLTnGGnviK85cy8EJ2qsETj/g==",
      "cpu": [
        "arm64"
      ],
      "license": "MIT",
      "optional": true,
      "os": [
        "linux"
      ],
      "engines": {
        "node": ">= 10"
      }
    },
    "node_modules/@next/swc-linux-arm64-musl": {
      "version": "14.0.0",
      "resolved": "https://registry.npmjs.org/@next/swc-linux-arm64-musl/-/swc-linux-arm64-musl-14.0.0.tgz",
      "integrity": "sha512-nC2h0l1Jt8LEzyQeSs/BKpXAMe0mnHIMykYALWaeddTqCv5UEN8nGO3BG8JAqW/Y8iutqJsaMe2A9itS0d/r8w==",
      "cpu": [
        "arm64"
      ],
      "license": "MIT",
      "optional": true,
      "os": [
        "linux"
      ],
      "engines": {
        "node": ">= 10"
      }
    },
    "node_modules/@next/swc-linux-x64-gnu": {
      "version": "14.0.0",
      "resolved": "https://registry.npmjs.org/@next/swc-linux-x64-gnu/-/swc-linux-x64-gnu-14.0.0.tgz",
      "integrity": "sha512-Wf+WjXibJQ7hHXOdNOmSMW5bxeJHVf46Pwb3eLSD2L76NrytQlif9NH7JpHuFlYKCQGfKfgSYYre5rIfmnSwQw==",
      "cpu": [
        "x64"
      ],
      "license": "MIT",
      "optional": true,
      "os": [
        "linux"
      ],
      "engines": {
        "node": ">= 10"
      }
    },
    "node_modules/@next/swc-linux-x64-musl": {
      "version": "14.0.0",
      "resolved": "https://registry.npmjs.org/@next/swc-linux-x64-musl/-/swc-linux-x64-musl-14.0.0.tgz",
      "integrity": "sha512-WTZb2G7B+CTsdigcJVkRxfcAIQj7Lf0ipPNRJ3vlSadU8f0CFGv/ST+sJwF5eSwIe6dxKoX0DG6OljDBaad+rg==",
      "cpu": [
        "x64"
      ],
      "license": "MIT",
      "optional": true,
      "os": [
        "linux"
      ],
      "engines": {
        "node": ">= 10"
      }
    },
    "node_modules/@next/swc-win32-arm64-msvc": {
      "version": "14.0.0",
      "resolved": "https://registry.npmjs.org/@next/swc-win32-arm64-msvc/-/swc-win32-arm64-msvc-14.0.0.tgz",
      "integrity": "sha512-7R8/x6oQODmNpnWVW00rlWX90sIlwluJwcvMT6GXNIBOvEf01t3fBg0AGURNKdTJg2xNuP7TyLchCL7Lh2DTiw==",
      "cpu": [
        "arm64"
      ],
      "license": "MIT",
      "optional": true,
      "os": [
        "win32"
      ],
      "engines": {
        "node": ">= 10"
      }
    },
    "node_modules/@next/swc-win32-ia32-msvc": {
      "version": "14.0.0",
      "resolved": "https://registry.npmjs.org/@next/swc-win32-ia32-msvc/-/swc-win32-ia32-msvc-14.0.0.tgz",
      "integrity": "sha512-RLK1nELvhCnxaWPF07jGU4x3tjbyx2319q43loZELqF0+iJtKutZ+Lk8SVmf/KiJkYBc7Cragadz7hb3uQvz4g==",
      "cpu": [
        "ia32"
      ],
      "license": "MIT",
      "optional": true,
      "os": [
        "win32"
      ],
      "engines": {
        "node": ">= 10"
      }
    },
    "node_modules/@next/swc-win32-x64-msvc": {
      "version": "14.0.0",
      "resolved": "https://registry.npmjs.org/@next/swc-win32-x64-msvc/-/swc-win32-x64-msvc-14.0.0.tgz",
      "integrity": "sha512-g6hLf1SUko+hnnaywQQZzzb3BRecQsoKkF3o/C+F+dOA4w/noVAJngUVkfwF0+2/8FzNznM7ofM6TGZO9svn7w==",
      "cpu": [
        "x64"
      ],
      "license": "MIT",
      "optional": true,
      "os": [
        "win32"
      ],
      "engines": {
        "node": ">= 10"
      }
    },
    "node_modules/@swc/helpers": {
      "version": "0.5.2",
      "resolved": "https://registry.npmjs.org/@swc/helpers/-/helpers-0.5.2.tgz",
      "integrity": "sha512-E4KcWTpoLHqwPHLxidpOqQbcrZVgi0rsmmZXUle1jXmJfuIf/UWpczUJ7MZZ5tlxytgJXyp0w4PGkkeLiuIdZw==",
      "license": "Apache-2.0",
      "dependencies": {
        "tslib": "^2.4.0"
      }
    },
    "node_modules/@syncfusion/ej2-base": {
      "version": "26.2.10",
      "resolved": "https://registry.npmjs.org/@syncfusion/ej2-base/-/ej2-base-26.2.10.tgz",
      "integrity": "sha512-i7TCvXGNsHmCoLA9AlHn3dIAyH8Bce6KCZUGshJS0EKu623SkVKjvWVWtgfar75/8SbTGWZQlGqEW5egYm3uTA==",
      "license": "SEE LICENSE IN license",
      "dependencies": {
        "@syncfusion/ej2-icons": "~26.2.10"
      },
      "bin": {
        "syncfusion-license": "bin/syncfusion-license.js"
      }
    },
    "node_modules/@syncfusion/ej2-buttons": {
      "version": "26.2.10",
      "resolved": "https://registry.npmjs.org/@syncfusion/ej2-buttons/-/ej2-buttons-26.2.10.tgz",
      "integrity": "sha512-WcErxTAI9r5PQQSOQNSWsaKfzYdSww+YeQaT4SO1xItMPDAEhWSqscnTMk46vDg6w5vRbAbB1US+3BAXJtOS1w==",
      "license": "SEE LICENSE IN license",
      "dependencies": {
        "@syncfusion/ej2-base": "~26.2.10"
      }
    },
    "node_modules/@syncfusion/ej2-calendars": {
      "version": "26.2.11",
      "resolved": "https://registry.npmjs.org/@syncfusion/ej2-calendars/-/ej2-calendars-26.2.11.tgz",
      "integrity": "sha512-Ak9akyald7rBNZzchMsfrQetEalZFGviC+7gTGYfIRQBQfesYsz1DqbxLWsYr/pRgCe1Cv2Klo+BZ0hoOB8CQQ==",
      "license": "SEE LICENSE IN license",
      "dependencies": {
        "@syncfusion/ej2-base": "~26.2.10",
        "@syncfusion/ej2-buttons": "~26.2.10",
        "@syncfusion/ej2-inputs": "~26.2.11",
        "@syncfusion/ej2-lists": "~26.2.11",
        "@syncfusion/ej2-popups": "~26.2.11"
      }
    },
    "node_modules/@syncfusion/ej2-compression": {
      "version": "26.2.10",
      "resolved": "https://registry.npmjs.org/@syncfusion/ej2-compression/-/ej2-compression-26.2.10.tgz",
      "integrity": "sha512-cCcABW1SUG+O8lGKzAj3zi7yLguslFVxEFSfMk9GWajC9SNgzICiKo7HR8Sz3HG9M4tmrH5aNKqM2mbYG6Lr0Q==",
      "license": "SEE LICENSE IN license",
      "dependencies": {
        "@syncfusion/ej2-file-utils": "~26.2.10"
      }
    },
    "node_modules/@syncfusion/ej2-data": {
      "version": "26.2.10",
      "resolved": "https://registry.npmjs.org/@syncfusion/ej2-data/-/ej2-data-26.2.10.tgz",
      "integrity": "sha512-4Hx2dzY6h8n9udGSW/J/dNIMHr9otcc2Q2W+7Gx+rttPjKVuNDpPg6+ZSocqWw98eU/3XuIf5AKMJaVtW98Mdg==",
      "license": "SEE LICENSE IN license",
      "dependencies": {
        "@syncfusion/ej2-base": "~26.2.10"
      }
    },
    "node_modules/@syncfusion/ej2-drawings": {
      "version": "26.2.11",
      "resolved": "https://registry.npmjs.org/@syncfusion/ej2-drawings/-/ej2-drawings-26.2.11.tgz",
      "integrity": "sha512-kSrAoQi9ENCrO3hy1iM4jPjia0HSuXU219w7YJYYqVUz2HblSYpQTex4Mn/trtDKqaNmBBCB1D3AxXQqyJPzDg==",
      "license": "SEE LICENSE IN license",
      "dependencies": {
        "@syncfusion/ej2-base": "~26.2.10",
        "@syncfusion/ej2-data": "~26.2.10"
      }
    },
    "node_modules/@syncfusion/ej2-dropdowns": {
      "version": "26.2.11",
      "resolved": "https://registry.npmjs.org/@syncfusion/ej2-dropdowns/-/ej2-dropdowns-26.2.11.tgz",
      "integrity": "sha512-HCu/Fr5BXvoxvD/3X5PQnovdpNpP+3Oyfsj390jaLqb5r83AFK2pgjcEUk7dZm4j7O6zZwNsVz4NJ82BxXdRAg==",
      "license": "SEE LICENSE IN license",
      "dependencies": {
        "@syncfusion/ej2-base": "~26.2.10",
        "@syncfusion/ej2-data": "~26.2.10",
        "@syncfusion/ej2-inputs": "~26.2.11",
        "@syncfusion/ej2-lists": "~26.2.11",
        "@syncfusion/ej2-navigations": "~26.2.11",
        "@syncfusion/ej2-notifications": "~26.2.10",
        "@syncfusion/ej2-popups": "~26.2.11"
      }
    },
    "node_modules/@syncfusion/ej2-excel-export": {
      "version": "26.2.11",
      "resolved": "https://registry.npmjs.org/@syncfusion/ej2-excel-export/-/ej2-excel-export-26.2.11.tgz",
      "integrity": "sha512-R0Q3QXXEDvdRrWrQIIxuGcJJCLPqrJpSlvGIw9SNmaB4FCOxDhgqHjrzorAremGw4e4Ke9lq0S5MZhaPU9Tebg==",
      "license": "SEE LICENSE IN license",
      "dependencies": {
        "@syncfusion/ej2-base": "~26.2.10",
        "@syncfusion/ej2-compression": "~26.2.10"
      }
    },
    "node_modules/@syncfusion/ej2-file-utils": {
      "version": "26.2.10",
      "resolved": "https://registry.npmjs.org/@syncfusion/ej2-file-utils/-/ej2-file-utils-26.2.10.tgz",
      "integrity": "sha512-sHWGPT6PrZcNKqNl27tfntEMjL6Ctr2dbTtsacTnlf68tM1dGyYSdKuGtE/Rhn866oCCCKyRvTmItEeh6MINOw==",
      "license": "SEE LICENSE IN license"
    },
    "node_modules/@syncfusion/ej2-filemanager": {
      "version": "26.2.11",
      "resolved": "https://registry.npmjs.org/@syncfusion/ej2-filemanager/-/ej2-filemanager-26.2.11.tgz",
      "integrity": "sha512-4BKsd9pXdQfuZieCjhTqoclvJkbw2gUex158pA680Bh27+PFjLYTAyskj4CkD9ZAXhR6j66ML5U3WXMpILdwPg==",
      "license": "SEE LICENSE IN license",
      "dependencies": {
        "@syncfusion/ej2-base": "~26.2.10",
        "@syncfusion/ej2-buttons": "~26.2.10",
        "@syncfusion/ej2-data": "~26.2.10",
        "@syncfusion/ej2-grids": "~26.2.11",
        "@syncfusion/ej2-inputs": "~26.2.11",
        "@syncfusion/ej2-layouts": "~26.2.10",
        "@syncfusion/ej2-lists": "~26.2.11",
        "@syncfusion/ej2-navigations": "~26.2.11",
        "@syncfusion/ej2-popups": "~26.2.11",
        "@syncfusion/ej2-splitbuttons": "~26.2.10"
      }
    },
    "node_modules/@syncfusion/ej2-grids": {
      "version": "26.2.11",
      "resolved": "https://registry.npmjs.org/@syncfusion/ej2-grids/-/ej2-grids-26.2.11.tgz",
      "integrity": "sha512-NYngQ8kkDFcUwXcQLNFwTkUkG/jIDb0qlvxRf/DcK69dhIvYirk/FQ3BGLiZcNCONJ4Jj+6/wZnfGF2TKLwROg==",
      "license": "SEE LICENSE IN license",
      "dependencies": {
        "@syncfusion/ej2-base": "~26.2.10",
        "@syncfusion/ej2-buttons": "~26.2.10",
        "@syncfusion/ej2-calendars": "~26.2.11",
        "@syncfusion/ej2-compression": "~26.2.10",
        "@syncfusion/ej2-data": "~26.2.10",
        "@syncfusion/ej2-dropdowns": "~26.2.11",
        "@syncfusion/ej2-excel-export": "~26.2.11",
        "@syncfusion/ej2-file-utils": "~26.2.10",
        "@syncfusion/ej2-inputs": "~26.2.11",
        "@syncfusion/ej2-lists": "~26.2.11",
        "@syncfusion/ej2-navigations": "~26.2.11",
        "@syncfusion/ej2-notifications": "~26.2.10",
        "@syncfusion/ej2-pdf-export": "~26.2.11",
        "@syncfusion/ej2-popups": "~26.2.11",
        "@syncfusion/ej2-splitbuttons": "~26.2.10"
      }
    },
    "node_modules/@syncfusion/ej2-icons": {
      "version": "26.2.10",
      "resolved": "https://registry.npmjs.org/@syncfusion/ej2-icons/-/ej2-icons-26.2.10.tgz",
      "integrity": "sha512-ay+kr1oVqBOCe9MwJ0vjXS85CDAA5XwtwKb/Gf8cdz79IpsX/1VOvqOBofYu1+OPfbMX9w9mCLciNCMPCaRZFA==",
      "license": "SEE LICENSE IN license"
    },
    "node_modules/@syncfusion/ej2-inplace-editor": {
      "version": "26.2.10",
      "resolved": "https://registry.npmjs.org/@syncfusion/ej2-inplace-editor/-/ej2-inplace-editor-26.2.10.tgz",
      "integrity": "sha512-d+y7/leMfwI/+GG0qo1Tx7lQfHIloW2MTCOVu/dxhHfeSTD4N57ER5hgWhxQ0HKRFRhHD1RojYYiYKsHdMimQw==",
      "license": "SEE LICENSE IN license",
      "dependencies": {
        "@syncfusion/ej2-base": "~26.2.10",
        "@syncfusion/ej2-buttons": "~26.2.10",
        "@syncfusion/ej2-calendars": "~26.2.10",
        "@syncfusion/ej2-data": "~26.2.10",
        "@syncfusion/ej2-dropdowns": "~26.2.10",
        "@syncfusion/ej2-inputs": "~26.2.10",
        "@syncfusion/ej2-lists": "~26.2.10",
        "@syncfusion/ej2-navigations": "~26.2.10",
        "@syncfusion/ej2-notifications": "~26.2.10",
        "@syncfusion/ej2-popups": "~26.2.10",
        "@syncfusion/ej2-richtexteditor": "~26.2.10",
        "@syncfusion/ej2-splitbuttons": "~26.2.10"
      }
    },
    "node_modules/@syncfusion/ej2-inputs": {
      "version": "26.2.11",
      "resolved": "https://registry.npmjs.org/@syncfusion/ej2-inputs/-/ej2-inputs-26.2.11.tgz",
      "integrity": "sha512-t/QCmSqyKCQLGs8H4szhox/vlyvCezkZC4kFLlGA7AbU6iW5lidREvsK2xpYrNRvKdwVV9laFPuu7uBkZfKaNg==",
      "license": "SEE LICENSE IN license",
      "dependencies": {
        "@syncfusion/ej2-base": "~26.2.10",
        "@syncfusion/ej2-buttons": "~26.2.10",
        "@syncfusion/ej2-popups": "~26.2.11",
        "@syncfusion/ej2-splitbuttons": "~26.2.10"
      }
    },
    "node_modules/@syncfusion/ej2-layouts": {
      "version": "26.2.10",
      "resolved": "https://registry.npmjs.org/@syncfusion/ej2-layouts/-/ej2-layouts-26.2.10.tgz",
      "integrity": "sha512-th8PkTAvfsgPsMFLfukE15opWS4Bwfpv4bkPFnaqmuqDKG22qxAHlDKjcH0waXAvL0g6siN+VRMfbqba8VlQxA==",
      "license": "SEE LICENSE IN license",
      "dependencies": {
        "@syncfusion/ej2-base": "~26.2.10"
      }
    },
    "node_modules/@syncfusion/ej2-lists": {
      "version": "26.2.11",
      "resolved": "https://registry.npmjs.org/@syncfusion/ej2-lists/-/ej2-lists-26.2.11.tgz",
      "integrity": "sha512-s36ezhyVUM2u3Aokv9AXaffTfVnNWLT8ydKvmxIzEM56W1gU5RnG5MiM7pCYa+8W/UtNdxt6VbH/wdGfJtje5w==",
      "license": "SEE LICENSE IN license",
      "dependencies": {
        "@syncfusion/ej2-base": "~26.2.10",
        "@syncfusion/ej2-buttons": "~26.2.10",
        "@syncfusion/ej2-data": "~26.2.10",
        "@syncfusion/ej2-popups": "~26.2.11"
      }
    },
    "node_modules/@syncfusion/ej2-navigations": {
      "version": "26.2.11",
      "resolved": "https://registry.npmjs.org/@syncfusion/ej2-navigations/-/ej2-navigations-26.2.11.tgz",
      "integrity": "sha512-GoFf394QOxg/tNahwOH+6wHaYT3qaKRleCw8k7ECHr0QaZdv9zbDTpZc3xjqNd548mNxZ9VDSqeL5C+cD5dBoQ==",
      "license": "SEE LICENSE IN license",
      "dependencies": {
        "@syncfusion/ej2-base": "~26.2.10",
        "@syncfusion/ej2-buttons": "~26.2.10",
        "@syncfusion/ej2-data": "~26.2.10",
        "@syncfusion/ej2-inputs": "~26.2.11",
        "@syncfusion/ej2-lists": "~26.2.11",
        "@syncfusion/ej2-popups": "~26.2.11"
      }
    },
    "node_modules/@syncfusion/ej2-notifications": {
      "version": "26.2.10",
      "resolved": "https://registry.npmjs.org/@syncfusion/ej2-notifications/-/ej2-notifications-26.2.10.tgz",
      "integrity": "sha512-TXpsKfTK7lERvvFNOcEB7n7veNLIEUMM9SY1Ihk06fl+YJa4YGL6aSVUvQJilE8PJyFeu4MpPN6bmVvEM01NCw==",
      "license": "SEE LICENSE IN license",
      "dependencies": {
        "@syncfusion/ej2-base": "~26.2.10",
        "@syncfusion/ej2-buttons": "~26.2.10",
        "@syncfusion/ej2-popups": "~26.2.10"
      }
    },
    "node_modules/@syncfusion/ej2-pdf": {
      "version": "26.2.10",
      "resolved": "https://registry.npmjs.org/@syncfusion/ej2-pdf/-/ej2-pdf-26.2.10.tgz",
      "integrity": "sha512-7jdy/WVtRjOx9mV17JjQpTKeuHzOYRXwO7QmgabKalRVTSuBvzeoMo1nHYXnd9a4ZrwrfmeI9DrAx/oksKv8Vw==",
      "license": "SEE LICENSE IN license",
      "dependencies": {
        "@syncfusion/ej2-base": "~26.2.10",
        "@syncfusion/ej2-compression": "~26.2.10",
        "@types/node": "^20.12.7"
      }
    },
    "node_modules/@syncfusion/ej2-pdf-export": {
      "version": "26.2.11",
      "resolved": "https://registry.npmjs.org/@syncfusion/ej2-pdf-export/-/ej2-pdf-export-26.2.11.tgz",
      "integrity": "sha512-XAEKOso34M9aOTcfmn/iachJ3y/itz6XYyc3Q9ka6a25udH9TNvndwco9st0U0MMH445sLshkFe+k+zDQ35PNA==",
      "license": "SEE LICENSE IN license",
      "dependencies": {
        "@syncfusion/ej2-compression": "~26.2.10"
      }
    },
    "node_modules/@syncfusion/ej2-pdf/node_modules/@types/node": {
      "version": "20.16.2",
      "resolved": "https://registry.npmjs.org/@types/node/-/node-20.16.2.tgz",
      "integrity": "sha512-91s/n4qUPV/wg8eE9KHYW1kouTfDk2FPGjXbBMfRWP/2vg1rCXNQL1OCabwGs0XSdukuK+MwCDXE30QpSeMUhQ==",
      "license": "MIT",
      "dependencies": {
        "undici-types": "~6.19.2"
      }
    },
    "node_modules/@syncfusion/ej2-pdfviewer": {
      "version": "26.2.11",
      "resolved": "https://registry.npmjs.org/@syncfusion/ej2-pdfviewer/-/ej2-pdfviewer-26.2.11.tgz",
      "integrity": "sha512-VXOUkKF737cgpSGW+P+9TbfO+b/Hn7Bo2ztjcHuQzyj6sIZEZPN91Gl5cNsfXiPL/+tIYBcothYI2FVNaf2nqQ==",
      "license": "SEE LICENSE IN license",
      "dependencies": {
        "@syncfusion/ej2-base": "~26.2.10",
        "@syncfusion/ej2-buttons": "~26.2.10",
        "@syncfusion/ej2-data": "~26.2.10",
        "@syncfusion/ej2-drawings": "~26.2.11",
        "@syncfusion/ej2-dropdowns": "~26.2.11",
        "@syncfusion/ej2-inplace-editor": "~26.2.10",
        "@syncfusion/ej2-inputs": "~26.2.11",
        "@syncfusion/ej2-lists": "~26.2.11",
        "@syncfusion/ej2-navigations": "~26.2.11",
        "@syncfusion/ej2-notifications": "~26.2.10",
        "@syncfusion/ej2-pdf": "~26.2.10",
        "@syncfusion/ej2-popups": "~26.2.11"
      }
    },
    "node_modules/@syncfusion/ej2-popups": {
      "version": "26.2.11",
      "resolved": "https://registry.npmjs.org/@syncfusion/ej2-popups/-/ej2-popups-26.2.11.tgz",
      "integrity": "sha512-JMIj3JLSgc6pjN3gAydCruD+DXyH565g5R+5jHsI78BfeDu+/uTdunm7May5zMgr2AmFAKOE6VdQhjEyr3/DJg==",
      "license": "SEE LICENSE IN license",
      "dependencies": {
        "@syncfusion/ej2-base": "~26.2.10",
        "@syncfusion/ej2-buttons": "~26.2.10"
      }
    },
    "node_modules/@syncfusion/ej2-react-base": {
      "version": "26.2.10",
      "resolved": "https://registry.npmjs.org/@syncfusion/ej2-react-base/-/ej2-react-base-26.2.10.tgz",
      "integrity": "sha512-h7N14nvada2JFvHYffsapq2ZeFrQEPn0wO79uLsp8aGknNynBgyYqFjQQrMntYzz7qj1OMqb675nvJamTkCgRQ==",
      "license": "SEE LICENSE IN license",
      "dependencies": {
        "@syncfusion/ej2-base": "~26.2.10"
      }
    },
    "node_modules/@syncfusion/ej2-react-pdfviewer": {
      "version": "26.2.11",
      "resolved": "https://registry.npmjs.org/@syncfusion/ej2-react-pdfviewer/-/ej2-react-pdfviewer-26.2.11.tgz",
      "integrity": "sha512-Tm+GdJffzl5ahZLedF+BuvrZ7Ui7oy6wDJRwJFPKELnN6jhx/c2e95i8WA6ydnYSFgRsp8ek8gpDtMs3wultsw==",
      "license": "SEE LICENSE IN license",
      "dependencies": {
        "@syncfusion/ej2-base": "~26.2.10",
        "@syncfusion/ej2-pdfviewer": "26.2.11",
        "@syncfusion/ej2-react-base": "~26.2.10"
      }
    },
    "node_modules/@syncfusion/ej2-richtexteditor": {
      "version": "26.2.11",
      "resolved": "https://registry.npmjs.org/@syncfusion/ej2-richtexteditor/-/ej2-richtexteditor-26.2.11.tgz",
      "integrity": "sha512-f+cfQMNm2Om3s9uogovzs2XscqIS1hWiWqcDc/As5WEdSDEPvUjD9hBrB3TJ8vfLwLK9e/bZbF3KdjOxgj00Mg==",
      "license": "SEE LICENSE IN license",
      "dependencies": {
        "@syncfusion/ej2-base": "~26.2.10",
        "@syncfusion/ej2-buttons": "~26.2.10",
        "@syncfusion/ej2-filemanager": "~26.2.11",
        "@syncfusion/ej2-inputs": "~26.2.11",
        "@syncfusion/ej2-navigations": "~26.2.11",
        "@syncfusion/ej2-popups": "~26.2.11",
        "@syncfusion/ej2-splitbuttons": "~26.2.10"
      }
    },
    "node_modules/@syncfusion/ej2-splitbuttons": {
      "version": "26.2.10",
      "resolved": "https://registry.npmjs.org/@syncfusion/ej2-splitbuttons/-/ej2-splitbuttons-26.2.10.tgz",
      "integrity": "sha512-uvGS9e4K0qcVxhzFBP9VheWrAgOFciSLyHo1qcxgxAyOhuqVhBeBZgmjBiFXXwJHiSW9FM37FQVV0iD0LcVEnw==",
      "license": "SEE LICENSE IN license",
      "dependencies": {
        "@syncfusion/ej2-base": "~26.2.10",
        "@syncfusion/ej2-popups": "~26.2.10"
      }
    },
    "node_modules/@types/node": {
      "version": "18.11.12",
      "resolved": "https://registry.npmjs.org/@types/node/-/node-18.11.12.tgz",
      "integrity": "sha512-FgD3NtTAKvyMmD44T07zz2fEf+OKwutgBCEVM8GcvMGVGaDktiLNTDvPwC/LUe3PinMW+X6CuLOF2Ui1mAlSXg==",
      "license": "MIT"
    },
    "node_modules/@types/prop-types": {
      "version": "15.7.12",
      "resolved": "https://registry.npmjs.org/@types/prop-types/-/prop-types-15.7.12.tgz",
      "integrity": "sha512-5zvhXYtRNRluoE/jAp4GVsSduVUzNWKkOZrCDBWYtE7biZywwdC2AcEzg+cSMLFRfVgeAFqpfNabiPjxFddV1Q==",
      "license": "MIT"
    },
    "node_modules/@types/react": {
      "version": "18.0.26",
      "resolved": "https://registry.npmjs.org/@types/react/-/react-18.0.26.tgz",
      "integrity": "sha512-hCR3PJQsAIXyxhTNSiDFY//LhnMZWpNNr5etoCqx/iUfGc5gXWtQR2Phl908jVR6uPXacojQWTg4qRpkxTuGug==",
      "license": "MIT",
      "dependencies": {
        "@types/prop-types": "*",
        "@types/scheduler": "*",
        "csstype": "^3.0.2"
      }
    },
    "node_modules/@types/react-dom": {
      "version": "18.0.9",
      "resolved": "https://registry.npmjs.org/@types/react-dom/-/react-dom-18.0.9.tgz",
      "integrity": "sha512-qnVvHxASt/H7i+XG1U1xMiY5t+IHcPGUK7TDMDzom08xa7e86eCeKOiLZezwCKVxJn6NEiiy2ekgX8aQssjIKg==",
      "license": "MIT",
      "dependencies": {
        "@types/react": "*"
      }
    },
    "node_modules/@types/scheduler": {
      "version": "0.23.0",
      "resolved": "https://registry.npmjs.org/@types/scheduler/-/scheduler-0.23.0.tgz",
      "integrity": "sha512-YIoDCTH3Af6XM5VuwGG/QL/CJqga1Zm3NkU3HZ4ZHK2fRMPYP1VczsTUqtsf43PH/iJNVlPHAo2oWX7BSdB2Hw==",
      "license": "MIT"
    },
    "node_modules/busboy": {
      "version": "1.6.0",
      "resolved": "https://registry.npmjs.org/busboy/-/busboy-1.6.0.tgz",
      "integrity": "sha512-8SFQbg/0hQ9xy3UNTB0YEnsNBbWfhf7RtnzpL7TkBiTBRfrQ9Fxcnz7VJsleJpyp6rVLvXiuORqjlHi5q+PYuA==",
      "dependencies": {
        "streamsearch": "^1.1.0"
      },
      "engines": {
        "node": ">=10.16.0"
      }
    },
    "node_modules/caniuse-lite": {
      "version": "1.0.30001653",
      "resolved": "https://registry.npmjs.org/caniuse-lite/-/caniuse-lite-1.0.30001653.tgz",
      "integrity": "sha512-XGWQVB8wFQ2+9NZwZ10GxTYC5hk0Fa+q8cSkr0tgvMhYhMHP/QC+WTgrePMDBWiWc/pV+1ik82Al20XOK25Gcw==",
      "funding": [
        {
          "type": "opencollective",
          "url": "https://opencollective.com/browserslist"
        },
        {
          "type": "tidelift",
          "url": "https://tidelift.com/funding/github/npm/caniuse-lite"
        },
        {
          "type": "github",
          "url": "https://github.com/sponsors/ai"
        }
      ],
      "license": "CC-BY-4.0"
    },
    "node_modules/client-only": {
      "version": "0.0.1",
      "resolved": "https://registry.npmjs.org/client-only/-/client-only-0.0.1.tgz",
      "integrity": "sha512-IV3Ou0jSMzZrd3pZ48nLkT9DA7Ag1pnPzaiQhpW7c3RbcqqzvzzVu+L8gfqMp/8IM2MQtSiqaCxrrcfu8I8rMA==",
      "license": "MIT"
    },
    "node_modules/csstype": {
      "version": "3.1.3",
      "resolved": "https://registry.npmjs.org/csstype/-/csstype-3.1.3.tgz",
      "integrity": "sha512-M1uQkMl8rQK/szD0LNhtqxIPLpimGm8sOBwU7lLnCpSbTyY3yeU1Vc7l4KT5zT4s/yOxHH5O7tIuuLOCnLADRw==",
      "license": "MIT"
    },
    "node_modules/glob-to-regexp": {
      "version": "0.4.1",
      "resolved": "https://registry.npmjs.org/glob-to-regexp/-/glob-to-regexp-0.4.1.tgz",
      "integrity": "sha512-lkX1HJXwyMcprw/5YUZc2s7DrpAiHB21/V+E1rHUrVNokkvB6bqMzT0VfV6/86ZNabt1k14YOIaT7nDvOX3Iiw==",
      "license": "BSD-2-Clause"
    },
    "node_modules/graceful-fs": {
      "version": "4.2.11",
      "resolved": "https://registry.npmjs.org/graceful-fs/-/graceful-fs-4.2.11.tgz",
      "integrity": "sha512-RbJ5/jmFcNNCcDV5o9eTnBLJ/HszWV0P73bc+Ff4nS/rJj+YaS6IGyiOL0VoBYX+l1Wrl3k63h/KrH+nhJ0XvQ==",
      "license": "ISC"
    },
    "node_modules/js-tokens": {
      "version": "4.0.0",
      "resolved": "https://registry.npmjs.org/js-tokens/-/js-tokens-4.0.0.tgz",
      "integrity": "sha512-RdJUflcE3cUzKiMqQgsCu06FPu9UdIJO0beYbPhHN4k6apgJtifcoCtT9bcxOpYBtpD2kCM6Sbzg4CausW/PKQ==",
      "license": "MIT"
    },
    "node_modules/loose-envify": {
      "version": "1.4.0",
      "resolved": "https://registry.npmjs.org/loose-envify/-/loose-envify-1.4.0.tgz",
      "integrity": "sha512-lyuxPGr/Wfhrlem2CL/UcnUc1zcqKAImBDzukY7Y5F/yQiNdko6+fRLevlw1HgMySw7f611UIY408EtxRSoK3Q==",
      "license": "MIT",
      "dependencies": {
        "js-tokens": "^3.0.0 || ^4.0.0"
      },
      "bin": {
        "loose-envify": "cli.js"
      }
    },
    "node_modules/nanoid": {
      "version": "3.3.7",
      "resolved": "https://registry.npmjs.org/nanoid/-/nanoid-3.3.7.tgz",
      "integrity": "sha512-eSRppjcPIatRIMC1U6UngP8XFcz8MQWGQdt1MTBQ7NaAmvXDfvNxbvWV3x2y6CdEUciCSsDHDQZbhYaB8QEo2g==",
      "funding": [
        {
          "type": "github",
          "url": "https://github.com/sponsors/ai"
        }
      ],
      "license": "MIT",
      "bin": {
        "nanoid": "bin/nanoid.cjs"
      },
      "engines": {
        "node": "^10 || ^12 || ^13.7 || ^14 || >=15.0.1"
      }
    },
    "node_modules/next": {
      "version": "14.0.0",
      "resolved": "https://registry.npmjs.org/next/-/next-14.0.0.tgz",
      "integrity": "sha512-J0jHKBJpB9zd4+c153sair0sz44mbaCHxggs8ryVXSFBuBqJ8XdE9/ozoV85xGh2VnSjahwntBZZgsihL9QznA==",
      "license": "MIT",
      "dependencies": {
        "@next/env": "14.0.0",
        "@swc/helpers": "0.5.2",
        "busboy": "1.6.0",
        "caniuse-lite": "^1.0.30001406",
        "postcss": "8.4.31",
        "styled-jsx": "5.1.1",
        "watchpack": "2.4.0"
      },
      "bin": {
        "next": "dist/bin/next"
      },
      "engines": {
        "node": ">=18.17.0"
      },
      "optionalDependencies": {
        "@next/swc-darwin-arm64": "14.0.0",
        "@next/swc-darwin-x64": "14.0.0",
        "@next/swc-linux-arm64-gnu": "14.0.0",
        "@next/swc-linux-arm64-musl": "14.0.0",
        "@next/swc-linux-x64-gnu": "14.0.0",
        "@next/swc-linux-x64-musl": "14.0.0",
        "@next/swc-win32-arm64-msvc": "14.0.0",
        "@next/swc-win32-ia32-msvc": "14.0.0",
        "@next/swc-win32-x64-msvc": "14.0.0"
      },
      "peerDependencies": {
        "@opentelemetry/api": "^1.1.0",
        "react": "^18.2.0",
        "react-dom": "^18.2.0",
        "sass": "^1.3.0"
      },
      "peerDependenciesMeta": {
        "@opentelemetry/api": {
          "optional": true
        },
        "sass": {
          "optional": true
        }
      }
    },
    "node_modules/picocolors": {
      "version": "1.0.1",
      "resolved": "https://registry.npmjs.org/picocolors/-/picocolors-1.0.1.tgz",
      "integrity": "sha512-anP1Z8qwhkbmu7MFP5iTt+wQKXgwzf7zTyGlcdzabySa9vd0Xt392U0rVmz9poOaBj0uHJKyyo9/upk0HrEQew==",
      "license": "ISC"
    },
    "node_modules/postcss": {
      "version": "8.4.31",
      "resolved": "https://registry.npmjs.org/postcss/-/postcss-8.4.31.tgz",
      "integrity": "sha512-PS08Iboia9mts/2ygV3eLpY5ghnUcfLV/EXTOW1E2qYxJKGGBUtNjN76FYHnMs36RmARn41bC0AZmn+rR0OVpQ==",
      "funding": [
        {
          "type": "opencollective",
          "url": "https://opencollective.com/postcss/"
        },
        {
          "type": "tidelift",
          "url": "https://tidelift.com/funding/github/npm/postcss"
        },
        {
          "type": "github",
          "url": "https://github.com/sponsors/ai"
        }
      ],
      "license": "MIT",
      "dependencies": {
        "nanoid": "^3.3.6",
        "picocolors": "^1.0.0",
        "source-map-js": "^1.0.2"
      },
      "engines": {
        "node": "^10 || ^12 || >=14"
      }
    },
    "node_modules/react": {
      "version": "18.2.0",
      "resolved": "https://registry.npmjs.org/react/-/react-18.2.0.tgz",
      "integrity": "sha512-/3IjMdb2L9QbBdWiW5e3P2/npwMBaU9mHCSCUzNln0ZCYbcfTsGbTJrU/kGemdH2IWmB2ioZ+zkxtmq6g09fGQ==",
      "license": "MIT",
      "dependencies": {
        "loose-envify": "^1.1.0"
      },
      "engines": {
        "node": ">=0.10.0"
      }
    },
    "node_modules/react-dom": {
      "version": "18.2.0",
      "resolved": "https://registry.npmjs.org/react-dom/-/react-dom-18.2.0.tgz",
      "integrity": "sha512-6IMTriUmvsjHUjNtEDudZfuDQUoWXVxKHhlEGSk81n4YFS+r/Kl99wXiwlVXtPBtJenozv2P+hxDsw9eA7Xo6g==",
      "license": "MIT",
      "dependencies": {
        "loose-envify": "^1.1.0",
        "scheduler": "^0.23.0"
      },
      "peerDependencies": {
        "react": "^18.2.0"
      }
    },
    "node_modules/scheduler": {
      "version": "0.23.2",
      "resolved": "https://registry.npmjs.org/scheduler/-/scheduler-0.23.2.tgz",
      "integrity": "sha512-UOShsPwz7NrMUqhR6t0hWjFduvOzbtv7toDH1/hIrfRNIDBnnBWd0CwJTGvTpngVlmwGCdP9/Zl/tVrDqcuYzQ==",
      "license": "MIT",
      "dependencies": {
        "loose-envify": "^1.1.0"
      }
    },
    "node_modules/source-map-js": {
      "version": "1.2.0",
      "resolved": "https://registry.npmjs.org/source-map-js/-/source-map-js-1.2.0.tgz",
      "integrity": "sha512-itJW8lvSA0TXEphiRoawsCksnlf8SyvmFzIhltqAHluXd88pkCd+cXJVHTDwdCr0IzwptSm035IHQktUu1QUMg==",
      "license": "BSD-3-Clause",
      "engines": {
        "node": ">=0.10.0"
      }
    },
    "node_modules/streamsearch": {
      "version": "1.1.0",
      "resolved": "https://registry.npmjs.org/streamsearch/-/streamsearch-1.1.0.tgz",
      "integrity": "sha512-Mcc5wHehp9aXz1ax6bZUyY5afg9u2rv5cqQI3mRrYkGC8rW2hM02jWuwjtL++LS5qinSyhj2QfLyNsuc+VsExg==",
      "engines": {
        "node": ">=10.0.0"
      }
    },
    "node_modules/styled-jsx": {
      "version": "5.1.1",
      "resolved": "https://registry.npmjs.org/styled-jsx/-/styled-jsx-5.1.1.tgz",
      "integrity": "sha512-pW7uC1l4mBZ8ugbiZrcIsiIvVx1UmTfw7UkC3Um2tmfUq9Bhk8IiyEIPl6F8agHgjzku6j0xQEZbfA5uSgSaCw==",
      "license": "MIT",
      "dependencies": {
        "client-only": "0.0.1"
      },
      "engines": {
        "node": ">= 12.0.0"
      },
      "peerDependencies": {
        "react": ">= 16.8.0 || 17.x.x || ^18.0.0-0"
      },
      "peerDependenciesMeta": {
        "@babel/core": {
          "optional": true
        },
        "babel-plugin-macros": {
          "optional": true
        }
      }
    },
    "node_modules/tslib": {
      "version": "2.7.0",
      "resolved": "https://registry.npmjs.org/tslib/-/tslib-2.7.0.tgz",
      "integrity": "sha512-gLXCKdN1/j47AiHiOkJN69hJmcbGTHI0ImLmbYLHykhgeN0jVGola9yVjFgzCUklsZQMW55o+dW7IXv3RCXDzA==",
      "license": "0BSD"
    },
    "node_modules/typescript": {
      "version": "4.9.4",
      "resolved": "https://registry.npmjs.org/typescript/-/typescript-4.9.4.tgz",
      "integrity": "sha512-Uz+dTXYzxXXbsFpM86Wh3dKCxrQqUcVMxwU54orwlJjOpO3ao8L7j5lH+dWfTwgCwIuM9GQ2kvVotzYJMXTBZg==",
      "license": "Apache-2.0",
      "bin": {
        "tsc": "bin/tsc",
        "tsserver": "bin/tsserver"
      },
      "engines": {
        "node": ">=4.2.0"
      }
    },
    "node_modules/undici-types": {
      "version": "6.19.8",
      "resolved": "https://registry.npmjs.org/undici-types/-/undici-types-6.19.8.tgz",
      "integrity": "sha512-ve2KP6f/JnbPBFyobGHuerC9g1FYGn/F8n1LWTwNxCEzd6IfqTwUQcNXgEtmmQ6DlRrC1hrSrBnCZPokRrDHjw==",
      "license": "MIT"
    },
    "node_modules/watchpack": {
      "version": "2.4.0",
      "resolved": "https://registry.npmjs.org/watchpack/-/watchpack-2.4.0.tgz",
      "integrity": "sha512-Lcvm7MGST/4fup+ifyKi2hjyIAwcdI4HRgtvTpIUxBRhB+RFtUh8XtDOxUfctVCnhVi+QQj49i91OyvzkJl6cg==",
      "license": "MIT",
      "dependencies": {
        "glob-to-regexp": "^0.4.1",
        "graceful-fs": "^4.1.2"
      },
      "engines": {
        "node": ">=10.13.0"
      }
    }
  }
}
